
Microsoft Visual Studio Solution File, Format Version 12.00
# Visual Studio Version 16
VisualStudioVersion = 16.0.33214.272
MinimumVisualStudioVersion = 10.0.40219.1
Project("{D2ABAB84-BF74-430A-B69E-9DC6D40DDA17}") = "ProyectoF2", "ProyectoF2.dwproj", "{44C22E1E-937D-4FA0-B989-D8716B00EDD4}"
EndProject
Global
	GlobalSection(SolutionConfigurationPlatforms) = preSolution
		Development|Default = Development|Default
	EndGlobalSection
	GlobalSection(ProjectConfigurationPlatforms) = postSolution
		{44C22E1E-937D-4FA0-B989-D8716B00EDD4}.Development|Default.ActiveCfg = Development
		{44C22E1E-937D-4FA0-B989-D8716B00EDD4}.Development|Default.Build.0 = Development
		{44C22E1E-937D-4FA0-B989-D8716B00EDD4}.Development|Default.Deploy.0 = Development
	EndGlobalSection
	GlobalSection(SolutionProperties) = preSolution
		HideSolutionNode = FALSE
	EndGlobalSection
	GlobalSection(ExtensibilityGlobals) = postSolution
		SolutionGuid = {B0C85818-F975-4FAF-ADED-4CF545240EBC}
	EndGlobalSection
EndGlobal
